
Microsoft Visual Studio Solution File, Format Version 12.00
Project("{FAE04EC0-301F-11D3-BF4B-00C04F79EFBC}") = "SeleniumTests", "SeleniumTests\SeleniumTests.csproj", "{37D2A825-5EFC-4F78-94F3-120B5140B159}"
EndProject
Global
	GlobalSection(SolutionConfigurationPlatforms) = preSolution
		Debug|Any CPU = Debug|Any CPU
		Release|Any CPU = Release|Any CPU
	EndGlobalSection
	GlobalSection(ProjectConfigurationPlatforms) = postSolution
		{37D2A825-5EFC-4F78-94F3-120B5140B159}.Debug|Any CPU.ActiveCfg = Debug|Any CPU
		{37D2A825-5EFC-4F78-94F3-120B5140B159}.Debug|Any CPU.Build.0 = Debug|Any CPU
		{37D2A825-5EFC-4F78-94F3-120B5140B159}.Release|Any CPU.ActiveCfg = Release|Any CPU
		{37D2A825-5EFC-4F78-94F3-120B5140B159}.Release|Any CPU.Build.0 = Release|Any CPU
	EndGlobalSection
EndGlobal
